
Microsoft Visual Studio Solution File, Format Version 12.00
# Visual Studio Version 17
VisualStudioVersion = 17.6.33712.159
MinimumVisualStudioVersion = 10.0.40219.1
Project("{9A19103F-16F7-4668-BE54-9A1E7A4F7556}") = "TextGame.Api", "TextGame.Api\TextGame.Api.csproj", "{EDCDF04E-027B-4E8B-BE2A-BD8E073B5A18}"
EndProject
Project("{9A19103F-16F7-4668-BE54-9A1E7A4F7556}") = "TextGame.Core", "TextGame.Core\TextGame.Core.csproj", "{289E6067-13B8-46C6-B34E-9F16C29775E4}"
EndProject
Project("{9A19103F-16F7-4668-BE54-9A1E7A4F7556}") = "TextGame.Data", "TextGame.Data\TextGame.Data.csproj", "{8141048F-27F4-4479-AFE0-277459E8D7AA}"
EndProject
Project("{9A19103F-16F7-4668-BE54-9A1E7A4F7556}") = "TextGame.Data.Tests", "TextGame.Data.Tests\TextGame.Data.Tests.csproj", "{E7CC8B73-29FE-4CEB-9458-7C691355F2FD}"
EndProject
Project("{9A19103F-16F7-4668-BE54-9A1E7A4F7556}") = "TextGame.Core.Tests", "TextGame.Core.Tests\TextGame.Core.Tests.csproj", "{7BE33ABB-B05D-49BA-807D-AC20D9837C53}"
EndProject
Global
	GlobalSection(SolutionConfigurationPlatforms) = preSolution
		Debug|Any CPU = Debug|Any CPU
		Release|Any CPU = Release|Any CPU
	EndGlobalSection
	GlobalSection(ProjectConfigurationPlatforms) = postSolution
		{EDCDF04E-027B-4E8B-BE2A-BD8E073B5A18}.Debug|Any CPU.ActiveCfg = Debug|Any CPU
		{EDCDF04E-027B-4E8B-BE2A-BD8E073B5A18}.Debug|Any CPU.Build.0 = Debug|Any CPU
		{EDCDF04E-027B-4E8B-BE2A-BD8E073B5A18}.Release|Any CPU.ActiveCfg = Release|Any CPU
		{EDCDF04E-027B-4E8B-BE2A-BD8E073B5A18}.Release|Any CPU.Build.0 = Release|Any CPU
		{289E6067-13B8-46C6-B34E-9F16C29775E4}.Debug|Any CPU.ActiveCfg = Debug|Any CPU
		{289E6067-13B8-46C6-B34E-9F16C29775E4}.Debug|Any CPU.Build.0 = Debug|Any CPU
		{289E6067-13B8-46C6-B34E-9F16C29775E4}.Release|Any CPU.ActiveCfg = Release|Any CPU
		{289E6067-13B8-46C6-B34E-9F16C29775E4}.Release|Any CPU.Build.0 = Release|Any CPU
		{8141048F-27F4-4479-AFE0-277459E8D7AA}.Debug|Any CPU.ActiveCfg = Debug|Any CPU
		{8141048F-27F4-4479-AFE0-277459E8D7AA}.Debug|Any CPU.Build.0 = Debug|Any CPU
		{8141048F-27F4-4479-AFE0-277459E8D7AA}.Release|Any CPU.ActiveCfg = Release|Any CPU
		{8141048F-27F4-4479-AFE0-277459E8D7AA}.Release|Any CPU.Build.0 = Release|Any CPU
		{E7CC8B73-29FE-4CEB-9458-7C691355F2FD}.Debug|Any CPU.ActiveCfg = Debug|Any CPU
		{E7CC8B73-29FE-4CEB-9458-7C691355F2FD}.Debug|Any CPU.Build.0 = Debug|Any CPU
		{E7CC8B73-29FE-4CEB-9458-7C691355F2FD}.Release|Any CPU.ActiveCfg = Release|Any CPU
		{E7CC8B73-29FE-4CEB-9458-7C691355F2FD}.Release|Any CPU.Build.0 = Release|Any CPU
		{7BE33ABB-B05D-49BA-807D-AC20D9837C53}.Debug|Any CPU.ActiveCfg = Debug|Any CPU
		{7BE33ABB-B05D-49BA-807D-AC20D9837C53}.Debug|Any CPU.Build.0 = Debug|Any CPU
		{7BE33ABB-B05D-49BA-807D-AC20D9837C53}.Release|Any CPU.ActiveCfg = Release|Any CPU
		{7BE33ABB-B05D-49BA-807D-AC20D9837C53}.Release|Any CPU.Build.0 = Release|Any CPU
	EndGlobalSection
	GlobalSection(SolutionProperties) = preSolution
		HideSolutionNode = FALSE
	EndGlobalSection
	GlobalSection(ExtensibilityGlobals) = postSolution
		SolutionGuid = {2FA9842B-4455-4198-9880-7B235A899010}
	EndGlobalSection
EndGlobal
